// !$*UTF8*$!
{
	archiveVersion = 1;
	classes = {
	};
	objectVersion = 56;
	objects = {

/* Begin PBXBuildFile section */
		730FA6EE2C42A9B100C2C67E /* AppDelegate.swift in Sources */ = {isa = PBXBuildFile; fileRef = 730FA6ED2C42A9B100C2C67E /* AppDelegate.swift */; };
		730FA6F02C42A9B100C2C67E /* SceneDelegate.swift in Sources */ = {isa = PBXBuildFile; fileRef = 730FA6EF2C42A9B100C2C67E /* SceneDelegate.swift */; };
		730FA6F72C42A9B200C2C67E /* Assets.xcassets in Resources */ = {isa = PBXBuildFile; fileRef = 730FA6F62C42A9B200C2C67E /* Assets.xcassets */; };
		730FA6FA2C42A9B200C2C67E /* Base in Resources */ = {isa = PBXBuildFile; fileRef = 730FA6F92C42A9B200C2C67E /* Base */; };
		730FA7032C42AC3800C2C67E /* ViewController.xib in Resources */ = {isa = PBXBuildFile; fileRef = 730FA7022C42AC3800C2C67E /* ViewController.xib */; };
		730FA7042C42AC3800C2C67E /* ViewController.swift in Sources */ = {isa = PBXBuildFile; fileRef = 730FA7012C42AC3800C2C67E /* ViewController.swift */; };
		730FA7072C42AD7000C2C67E /* CollectionViewCell.xib in Resources */ = {isa = PBXBuildFile; fileRef = 730FA7062C42AD7000C2C67E /* CollectionViewCell.xib */; };
		730FA7082C42AD7000C2C67E /* CollectionViewCell.swift in Sources */ = {isa = PBXBuildFile; fileRef = 730FA7052C42AD7000C2C67E /* CollectionViewCell.swift */; };
		730FA70A2C42B1D600C2C67E /* View.swift in Sources */ = {isa = PBXBuildFile; fileRef = 730FA7092C42B1D600C2C67E /* View.swift */; };
/* End PBXBuildFile section */

/* Begin PBXFileReference section */
		730FA6EA2C42A9B100C2C67E /* CategorySlider.app */ = {isa = PBXFileReference; explicitFileType = wrapper.application; includeInIndex = 0; path = CategorySlider.app; sourceTree = BUILT_PRODUCTS_DIR; };
		730FA6ED2C42A9B100C2C67E /* AppDelegate.swift */ = {isa = PBXFileReference; lastKnownFileType = sourcecode.swift; path = AppDelegate.swift; sourceTree = "<group>"; };
		730FA6EF2C42A9B100C2C67E /* SceneDelegate.swift */ = {isa = PBXFileReference; lastKnownFileType = sourcecode.swift; path = SceneDelegate.swift; sourceTree = "<group>"; };
		730FA6F62C42A9B200C2C67E /* Assets.xcassets */ = {isa = PBXFileReference; lastKnownFileType = folder.assetcatalog; path = Assets.xcassets; sourceTree = "<group>"; };
		730FA6F92C42A9B200C2C67E /* Base */ = {isa = PBXFileReference; lastKnownFileType = file.storyboard; name = Base; path = Base.lproj/LaunchScreen.storyboard; sourceTree = "<group>"; };
		730FA6FB2C42A9B200C2C67E /* Info.plist */ = {isa = PBXFileReference; lastKnownFileType = text.plist.xml; path = Info.plist; sourceTree = "<group>"; };
		730FA7012C42AC3800C2C67E /* ViewController.swift */ = {isa = PBXFileReference; lastKnownFileType = sourcecode.swift; path = ViewController.swift; sourceTree = "<group>"; };
		730FA7022C42AC3800C2C67E /* ViewController.xib */ = {isa = PBXFileReference; lastKnownFileType = file.xib; path = ViewController.xib; sourceTree = "<group>"; };
		730FA7052C42AD7000C2C67E /* CollectionViewCell.swift */ = {isa = PBXFileReference; lastKnownFileType = sourcecode.swift; path = CollectionViewCell.swift; sourceTree = "<group>"; };
		730FA7062C42AD7000C2C67E /* CollectionViewCell.xib */ = {isa = PBXFileReference; lastKnownFileType = file.xib; path = CollectionViewCell.xib; sourceTree = "<group>"; };
		730FA7092C42B1D600C2C67E /* View.swift */ = {isa = PBXFileReference; lastKnownFileType = sourcecode.swift; path = View.swift; sourceTree = "<group>"; };
/* End PBXFileReference section */

/* Begin PBXFrameworksBuildPhase section */
		730FA6E72C42A9B100C2C67E /* Frameworks */ = {
			isa = PBXFrameworksBuildPhase;
			buildActionMask = 2147483647;
			files = (
			);
			runOnlyForDeploymentPostprocessing = 0;
		};
/* End PBXFrameworksBuildPhase section */

/* Begin PBXGroup section */
		730FA6E12C42A9B100C2C67E = {
			isa = PBXGroup;
			children = (
				730FA6EC2C42A9B100C2C67E /* CategorySlider */,
				730FA6EB2C42A9B100C2C67E /* Products */,
			);
			sourceTree = "<group>";
		};
		730FA6EB2C42A9B100C2C67E /* Products */ = {
			isa = PBXGroup;
			children = (
				730FA6EA2C42A9B100C2C67E /* CategorySlider.app */,
			);
			name = Products;
			sourceTree = "<group>";
		};
		730FA6EC2C42A9B100C2C67E /* CategorySlider */ = {
			isa = PBXGroup;
			children = (
				730FA6ED2C42A9B100C2C67E /* AppDelegate.swift */,
				730FA6EF2C42A9B100C2C67E /* SceneDelegate.swift */,
				730FA7012C42AC3800C2C67E /* ViewController.swift */,
				730FA7092C42B1D600C2C67E /* View.swift */,
				730FA7022C42AC3800C2C67E /* ViewController.xib */,
				730FA7052C42AD7000C2C67E /* CollectionViewCell.swift */,
				730FA7062C42AD7000C2C67E /* CollectionViewCell.xib */,
				730FA6F62C42A9B200C2C67E /* Assets.xcassets */,
				730FA6F82C42A9B200C2C67E /* LaunchScreen.storyboard */,
				730FA6FB2C42A9B200C2C67E /* Info.plist */,
			);
			path = CategorySlider;
			sourceTree = "<group>";
		};
/* End PBXGroup section */

/* Begin PBXNativeTarget section */
		730FA6E92C42A9B100C2C67E /* CategorySlider */ = {
			isa = PBXNativeTarget;
			buildConfigurationList = 730FA6FE2C42A9B200C2C67E /* Build configuration list for PBXNativeTarget "CategorySlider" */;
			buildPhases = (
				730FA6E62C42A9B100C2C67E /* Sources */,
				730FA6E72C42A9B100C2C67E /* Frameworks */,
				730FA6E82C42A9B100C2C67E /* Resources */,
			);
			buildRules = (
			);
			dependencies = (
			);
			name = CategorySlider;
			productName = CategorySlider;
			productReference = 730FA6EA2C42A9B100C2C67E /* CategorySlider.app */;
			productType = "com.apple.product-type.application";
		};
/* End PBXNativeTarget section */

/* Begin PBXProject section */
		730FA6E22C42A9B100C2C67E /* Project object */ = {
			isa = PBXProject;
			attributes = {
				BuildIndependentTargetsInParallel = 1;
				LastSwiftUpdateCheck = 1540;
				LastUpgradeCheck = 1540;
				TargetAttributes = {
					730FA6E92C42A9B100C2C67E = {
						CreatedOnToolsVersion = 15.4;
					};
				};
			};
			buildConfigurationList = 730FA6E52C42A9B100C2C67E /* Build configuration list for PBXProject "CategorySlider" */;
			compatibilityVersion = "Xcode 14.0";
			developmentRegion = en;
			hasScannedForEncodings = 0;
			knownRegions = (
				en,
				Base,
			);
			mainGroup = 730FA6E12C42A9B100C2C67E;
			productRefGroup = 730FA6EB2C42A9B100C2C67E /* Products */;
			projectDirPath = "";
			projectRoot = "";
			targets = (
				730FA6E92C42A9B100C2C67E /* CategorySlider */,
			);
		};
/* End PBXProject section */

/* Begin PBXResourcesBuildPhase section */
		730FA6E82C42A9B100C2C67E /* Resources */ = {
			isa = PBXResourcesBuildPhase;
			buildActionMask = 2147483647;
			files = (
				730FA6F72C42A9B200C2C67E /* Assets.xcassets in Resources */,
				730FA7032C42AC3800C2C67E /* ViewController.xib in Resources */,
				730FA7072C42AD7000C2C67E /* CollectionViewCell.xib in Resources */,
				730FA6FA2C42A9B200C2C67E /* Base in Resources */,
			);
			runOnlyForDeploymentPostprocessing = 0;
		};
/* End PBXResourcesBuildPhase section */

/* Begin PBXSourcesBuildPhase section */
		730FA6E62C42A9B100C2C67E /* Sources */ = {
			isa = PBXSourcesBuildPhase;
			buildActionMask = 2147483647;
			files = (
				730FA7042C42AC3800C2C67E /* ViewController.swift in Sources */,
				730FA6EE2C42A9B100C2C67E /* AppDelegate.swift in Sources */,
				730FA7082C42AD7000C2C67E /* CollectionViewCell.swift in Sources */,
				730FA70A2C42B1D600C2C67E /* View.swift in Sources */,
				730FA6F02C42A9B100C2C67E /* SceneDelegate.swift in Sources */,
			);
			runOnlyForDeploymentPostprocessing = 0;
		};
/* End PBXSourcesBuildPhase section */

/* Begin PBXVariantGroup section */
		730FA6F82C42A9B200C2C67E /* LaunchScreen.storyboard */ = {
			isa = PBXVariantGroup;
			children = (
				730FA6F92C42A9B200C2C67E /* Base */,
			);
			name = LaunchScreen.storyboard;
			sourceTree = "<group>";
		};
/* End PBXVariantGroup section */

/* Begin XCBuildConfiguration section */
		730FA6FC2C42A9B200C2C67E /* Debug */ = {
			isa = XCBuildConfiguration;
			buildSettings = {
				ALWAYS_SEARCH_USER_PATHS = NO;
				ASSETCATALOG_COMPILER_GENERATE_SWIFT_ASSET_SYMBOL_EXTENSIONS = YES;
				CLANG_ANALYZER_NONNULL = YES;
				CLANG_ANALYZER_NUMBER_OBJECT_CONVERSION = YES_AGGRESSIVE;
				CLANG_CXX_LANGUAGE_STANDARD = "gnu++20";
				CLANG_ENABLE_MODULES = YES;
				CLANG_ENABLE_OBJC_ARC = YES;
				CLANG_ENABLE_OBJC_WEAK = YES;
				CLANG_WARN_BLOCK_CAPTURE_AUTORELEASING = YES;
				CLANG_WARN_BOOL_CONVERSION = YES;
				CLANG_WARN_COMMA = YES;
				CLANG_WARN_CONSTANT_CONVERSION = YES;
				CLANG_WARN_DEPRECATED_OBJC_IMPLEMENTATIONS = YES;
				CLANG_WARN_DIRECT_OBJC_ISA_USAGE = YES_ERROR;
				CLANG_WARN_DOCUMENTATION_COMMENTS = YES;
				CLANG_WARN_EMPTY_BODY = YES;
				CLANG_WARN_ENUM_CONVERSION = YES;
				CLANG_WARN_INFINITE_RECURSION = YES;
				CLANG_WARN_INT_CONVERSION = YES;
				CLANG_WARN_NON_LITERAL_NULL_CONVERSION = YES;
				CLANG_WARN_OBJC_IMPLICIT_RETAIN_SELF = YES;
				CLANG_WARN_OBJC_LITERAL_CONVERSION = YES;
				CLANG_WARN_OBJC_ROOT_CLASS = YES_ERROR;
				CLANG_WARN_QUOTED_INCLUDE_IN_FRAMEWORK_HEADER = YES;
				CLANG_WARN_RANGE_LOOP_ANALYSIS = YES;
				CLANG_WARN_STRICT_PROTOTYPES = YES;
				CLANG_WARN_SUSPICIOUS_MOVE = YES;
				CLANG_WARN_UNGUARDED_AVAILABILITY = YES_AGGRESSIVE;
				CLANG_WARN_UNREACHABLE_CODE = YES;
				CLANG_WARN__DUPLICATE_METHOD_MATCH = YES;
				COPY_PHASE_STRIP = NO;
				DEBUG_INFORMATION_FORMAT = dwarf;
				ENABLE_STRICT_OBJC_MSGSEND = YES;
				ENABLE_TESTABILITY = YES;
				ENABLE_USER_SCRIPT_SANDBOXING = YES;
				GCC_C_LANGUAGE_STANDARD = gnu17;
				GCC_DYNAMIC_NO_PIC = NO;
				GCC_NO_COMMON_BLOCKS = YES;
				GCC_OPTIMIZATION_LEVEL = 0;
				GCC_PREPROCESSOR_DEFINITIONS = (
					"DEBUG=1",
					"$(inherited)",
				);
				GCC_WARN_64_TO_32_BIT_CONVERSION = YES;
				GCC_WARN_ABOUT_RETURN_TYPE = YES_ERROR;
				GCC_WARN_UNDECLARED_SELECTOR = YES;
				GCC_WARN_UNINITIALIZED_AUTOS = YES_AGGRESSIVE;
				GCC_WARN_UNUSED_FUNCTION = YES;
				GCC_WARN_UNUSED_VARIABLE = YES;
				IPHONEOS_DEPLOYMENT_TARGET = 17.5;
				LOCALIZATION_PREFERS_STRING_CATALOGS = YES;
				MTL_ENABLE_DEBUG_INFO = INCLUDE_SOURCE;
				MTL_FAST_MATH = YES;
				ONLY_ACTIVE_ARCH = YES;
				SDKROOT = iphoneos;
				SWIFT_ACTIVE_COMPILATION_CONDITIONS = "DEBUG $(inherited)";
				SWIFT_OPTIMIZATION_LEVEL = "-Onone";
			};
			name = Debug;
		};
		730FA6FD2C42A9B200C2C67E /* Release */ = {
			isa = XCBuildConfiguration;
			buildSettings = {
				ALWAYS_SEARCH_USER_PATHS = NO;
				ASSETCATALOG_COMPILER_GENERATE_SWIFT_ASSET_SYMBOL_EXTENSIONS = YES;
				CLANG_ANALYZER_NONNULL = YES;
				CLANG_ANALYZER_NUMBER_OBJECT_CONVERSION = YES_AGGRESSIVE;
				CLANG_CXX_LANGUAGE_STANDARD = "gnu++20";
				CLANG_ENABLE_MODULES = YES;
				CLANG_ENABLE_OBJC_ARC = YES;
				CLANG_ENABLE_OBJC_WEAK = YES;
				CLANG_WARN_BLOCK_CAPTURE_AUTORELEASING = YES;
				CLANG_WARN_BOOL_CONVERSION = YES;
				CLANG_WARN_COMMA = YES;
				CLANG_WARN_CONSTANT_CONVERSION = YES;
				CLANG_WARN_DEPRECATED_OBJC_IMPLEMENTATIONS = YES;
				CLANG_WARN_DIRECT_OBJC_ISA_USAGE = YES_ERROR;
				CLANG_WARN_DOCUMENTATION_COMMENTS = YES;
				CLANG_WARN_EMPTY_BODY = YES;
				CLANG_WARN_ENUM_CONVERSION = YES;
				CLANG_WARN_INFINITE_RECURSION = YES;
				CLANG_WARN_INT_CONVERSION = YES;
				CLANG_WARN_NON_LITERAL_NULL_CONVERSION = YES;
				CLANG_WARN_OBJC_IMPLICIT_RETAIN_SELF = YES;
				CLANG_WARN_OBJC_LITERAL_CONVERSION = YES;
				CLANG_WARN_OBJC_ROOT_CLASS = YES_ERROR;
				CLANG_WARN_QUOTED_INCLUDE_IN_FRAMEWORK_HEADER = YES;
				CLANG_WARN_RANGE_LOOP_ANALYSIS = YES;
				CLANG_WARN_STRICT_PROTOTYPES = YES;
				CLANG_WARN_SUSPICIOUS_MOVE = YES;
				CLANG_WARN_UNGUARDED_AVAILABILITY = YES_AGGRESSIVE;
				CLANG_WARN_UNREACHABLE_CODE = YES;
				CLANG_WARN__DUPLICATE_METHOD_MATCH = YES;
				COPY_PHASE_STRIP = NO;
				DEBUG_INFORMATION_FORMAT = "dwarf-with-dsym";
				ENABLE_NS_ASSERTIONS = NO;
				ENABLE_STRICT_OBJC_MSGSEND = YES;
				ENABLE_USER_SCRIPT_SANDBOXING = YES;
				GCC_C_LANGUAGE_STANDARD = gnu17;
				GCC_NO_COMMON_BLOCKS = YES;
				GCC_WARN_64_TO_32_BIT_CONVERSION = YES;
				GCC_WARN_ABOUT_RETURN_TYPE = YES_ERROR;
				GCC_WARN_UNDECLARED_SELECTOR = YES;
				GCC_WARN_UNINITIALIZED_AUTOS = YES_AGGRESSIVE;
				GCC_WARN_UNUSED_FUNCTION = YES;
				GCC_WARN_UNUSED_VARIABLE = YES;
				IPHONEOS_DEPLOYMENT_TARGET = 17.5;
				LOCALIZATION_PREFERS_STRING_CATALOGS = YES;
				MTL_ENABLE_DEBUG_INFO = NO;
				MTL_FAST_MATH = YES;
				SDKROOT = iphoneos;
				SWIFT_COMPILATION_MODE = wholemodule;
				VALIDATE_PRODUCT = YES;
			};
			name = Release;
		};
		730FA6FF2C42A9B200C2C67E /* Debug */ = {
			isa = XCBuildConfiguration;
			buildSettings = {
				ASSETCATALOG_COMPILER_APPICON_NAME = AppIcon;
				ASSETCATALOG_COMPILER_GLOBAL_ACCENT_COLOR_NAME = AccentColor;
				CODE_SIGN_STYLE = Automatic;
				CURRENT_PROJECT_VERSION = 1;
				DEVELOPMENT_TEAM = LBM5YFV4LP;
				GENERATE_INFOPLIST_FILE = YES;
				INFOPLIST_FILE = CategorySlider/Info.plist;
				INFOPLIST_KEY_UIApplicationSupportsIndirectInputEvents = YES;
				INFOPLIST_KEY_UILaunchStoryboardName = LaunchScreen;
				INFOPLIST_KEY_UISupportedInterfaceOrientations_iPad = "UIInterfaceOrientationPortrait UIInterfaceOrientationPortraitUpsideDown UIInterfaceOrientationLandscapeLeft UIInterfaceOrientationLandscapeRight";
				INFOPLIST_KEY_UISupportedInterfaceOrientations_iPhone = "UIInterfaceOrientationPortrait UIInterfaceOrientationLandscapeLeft UIInterfaceOrientationLandscapeRight";
				LD_RUNPATH_SEARCH_PATHS = (
					"$(inherited)",
					"@executable_path/Frameworks",
				);
				MARKETING_VERSION = 1.0;
				PRODUCT_BUNDLE_IDENTIFIER = com.Mahameed.CategorySlider;
				PRODUCT_NAME = "$(TARGET_NAME)";
				SWIFT_EMIT_LOC_STRINGS = YES;
				SWIFT_VERSION = 5.0;
				TARGETED_DEVICE_FAMILY = "1,2";
			};
			name = Debug;
		};
		730FA7002C42A9B200C2C67E /* Release */ = {
			isa = XCBuildConfiguration;
			buildSettings = {
				ASSETCATALOG_COMPILER_APPICON_NAME = AppIcon;
				ASSETCATALOG_COMPILER_GLOBAL_ACCENT_COLOR_NAME = AccentColor;
				CODE_SIGN_STYLE = Automatic;
				CURRENT_PROJECT_VERSION = 1;
				DEVELOPMENT_TEAM = LBM5YFV4LP;
				GENERATE_INFOPLIST_FILE = YES;
				INFOPLIST_FILE = CategorySlider/Info.plist;
				INFOPLIST_KEY_UIApplicationSupportsIndirectInputEvents = YES;
				INFOPLIST_KEY_UILaunchStoryboardName = LaunchScreen;
				INFOPLIST_KEY_UISupportedInterfaceOrientations_iPad = "UIInterfaceOrientationPortrait UIInterfaceOrientationPortraitUpsideDown UIInterfaceOrientationLandscapeLeft UIInterfaceOrientationLandscapeRight";
				INFOPLIST_KEY_UISupportedInterfaceOrientations_iPhone = "UIInterfaceOrientationPortrait UIInterfaceOrientationLandscapeLeft UIInterfaceOrientationLandscapeRight";
				LD_RUNPATH_SEARCH_PATHS = (
					"$(inherited)",
					"@executable_path/Frameworks",
				);
				MARKETING_VERSION = 1.0;
				PRODUCT_BUNDLE_IDENTIFIER = com.Mahameed.CategorySlider;
				PRODUCT_NAME = "$(TARGET_NAME)";
				SWIFT_EMIT_LOC_STRINGS = YES;
				SWIFT_VERSION = 5.0;
				TARGETED_DEVICE_FAMILY = "1,2";
			};
			name = Release;
		};
/* End XCBuildConfiguration section */

/* Begin XCConfigurationList section */
		730FA6E52C42A9B100C2C67E /* Build configuration list for PBXProject "CategorySlider" */ = {
			isa = XCConfigurationList;
			buildConfigurations = (
				730FA6FC2C42A9B200C2C67E /* Debug */,
				730FA6FD2C42A9B200C2C67E /* Release */,
			);
			defaultConfigurationIsVisible = 0;
			defaultConfigurationName = Release;
		};
		730FA6FE2C42A9B200C2C67E /* Build configuration list for PBXNativeTarget "CategorySlider" */ = {
			isa = XCConfigurationList;
			buildConfigurations = (
				730FA6FF2C42A9B200C2C67E /* Debug */,
				730FA7002C42A9B200C2C67E /* Release */,
			);
			defaultConfigurationIsVisible = 0;
			defaultConfigurationName = Release;
		};
/* End XCConfigurationList section */
	};
	rootObject = 730FA6E22C42A9B100C2C67E /* Project object */;
}
